
Microsoft Visual Studio Solution File, Format Version 12.00
# Visual Studio Version 17
VisualStudioVersion = 17.4.33213.308
MinimumVisualStudioVersion = 10.0.40219.1
Project("{FAE04EC0-301F-11D3-BF4B-00C04F79EFBC}") = "chat", "chat\chat.csproj", "{AF2E840D-2CD3-4F9A-AC16-B2A5A7C970FB}"
EndProject
Global
	GlobalSection(SolutionConfigurationPlatforms) = preSolution
		Debug|Any CPU = Debug|Any CPU
		Release|Any CPU = Release|Any CPU
	EndGlobalSection
	GlobalSection(ProjectConfigurationPlatforms) = postSolution
		{AF2E840D-2CD3-4F9A-AC16-B2A5A7C970FB}.Debug|Any CPU.ActiveCfg = Debug|Any CPU
		{AF2E840D-2CD3-4F9A-AC16-B2A5A7C970FB}.Debug|Any CPU.Build.0 = Debug|Any CPU
		{AF2E840D-2CD3-4F9A-AC16-B2A5A7C970FB}.Release|Any CPU.ActiveCfg = Release|Any CPU
		{AF2E840D-2CD3-4F9A-AC16-B2A5A7C970FB}.Release|Any CPU.Build.0 = Release|Any CPU
	EndGlobalSection
	GlobalSection(SolutionProperties) = preSolution
		HideSolutionNode = FALSE
	EndGlobalSection
	GlobalSection(ExtensibilityGlobals) = postSolution
		SolutionGuid = {DC1CF37E-25E4-447E-ACB1-B85E13FAF88F}
	EndGlobalSection
EndGlobal
